// !$*UTF8*$!
{
	archiveVersion = 1;
	classes = {
	};
	objectVersion = 50;
	objects = {

/* Begin PBXBuildFile section */
		FAA56505256D2E39003D9EA5 /* AppDelegate.swift in Sources */ = {isa = PBXBuildFile; fileRef = FAA56504256D2E39003D9EA5 /* AppDelegate.swift */; };
		FAA56507256D2E39003D9EA5 /* SceneDelegate.swift in Sources */ = {isa = PBXBuildFile; fileRef = FAA56506256D2E39003D9EA5 /* SceneDelegate.swift */; };
		FAA56509256D2E39003D9EA5 /* ContentView.swift in Sources */ = {isa = PBXBuildFile; fileRef = FAA56508256D2E39003D9EA5 /* ContentView.swift */; };
		FAA5650B256D2E3D003D9EA5 /* Assets.xcassets in Resources */ = {isa = PBXBuildFile; fileRef = FAA5650A256D2E3D003D9EA5 /* Assets.xcassets */; };
		FAA5650E256D2E3D003D9EA5 /* Preview Assets.xcassets in Resources */ = {isa = PBXBuildFile; fileRef = FAA5650D256D2E3D003D9EA5 /* Preview Assets.xcassets */; };
		FAA56511256D2E3D003D9EA5 /* LaunchScreen.storyboard in Resources */ = {isa = PBXBuildFile; fileRef = FAA5650F256D2E3D003D9EA5 /* LaunchScreen.storyboard */; };
		FAA5651C256D2E3D003D9EA5 /* Passbolt_POCTests.swift in Sources */ = {isa = PBXBuildFile; fileRef = FAA5651B256D2E3D003D9EA5 /* Passbolt_POCTests.swift */; };
		FAA56527256D2E3D003D9EA5 /* Passbolt_POCUITests.swift in Sources */ = {isa = PBXBuildFile; fileRef = FAA56526256D2E3D003D9EA5 /* Passbolt_POCUITests.swift */; };
/* End PBXBuildFile section */

/* Begin PBXContainerItemProxy section */
		FAA56518256D2E3D003D9EA5 /* PBXContainerItemProxy */ = {
			isa = PBXContainerItemProxy;
			containerPortal = FAA564F9256D2E39003D9EA5 /* Project object */;
			proxyType = 1;
			remoteGlobalIDString = FAA56500256D2E39003D9EA5;
			remoteInfo = "Passbolt POC";
		};
		FAA56523256D2E3D003D9EA5 /* PBXContainerItemProxy */ = {
			isa = PBXContainerItemProxy;
			containerPortal = FAA564F9256D2E39003D9EA5 /* Project object */;
			proxyType = 1;
			remoteGlobalIDString = FAA56500256D2E39003D9EA5;
			remoteInfo = "Passbolt POC";
		};
/* End PBXContainerItemProxy section */

/* Begin PBXFileReference section */
		FAA56501256D2E39003D9EA5 /* Passbolt POC.app */ = {isa = PBXFileReference; explicitFileType = wrapper.application; includeInIndex = 0; path = "Passbolt POC.app"; sourceTree = BUILT_PRODUCTS_DIR; };
		FAA56504256D2E39003D9EA5 /* AppDelegate.swift */ = {isa = PBXFileReference; lastKnownFileType = sourcecode.swift; path = AppDelegate.swift; sourceTree = "<group>"; };
		FAA56506256D2E39003D9EA5 /* SceneDelegate.swift */ = {isa = PBXFileReference; lastKnownFileType = sourcecode.swift; path = SceneDelegate.swift; sourceTree = "<group>"; };
		FAA56508256D2E39003D9EA5 /* ContentView.swift */ = {isa = PBXFileReference; lastKnownFileType = sourcecode.swift; path = ContentView.swift; sourceTree = "<group>"; };
		FAA5650A256D2E3D003D9EA5 /* Assets.xcassets */ = {isa = PBXFileReference; lastKnownFileType = folder.assetcatalog; path = Assets.xcassets; sourceTree = "<group>"; };
		FAA5650D256D2E3D003D9EA5 /* Preview Assets.xcassets */ = {isa = PBXFileReference; lastKnownFileType = folder.assetcatalog; path = "Preview Assets.xcassets"; sourceTree = "<group>"; };
		FAA56510256D2E3D003D9EA5 /* Base */ = {isa = PBXFileReference; lastKnownFileType = file.storyboard; name = Base; path = Base.lproj/LaunchScreen.storyboard; sourceTree = "<group>"; };
		FAA56512256D2E3D003D9EA5 /* Info.plist */ = {isa = PBXFileReference; lastKnownFileType = text.plist.xml; path = Info.plist; sourceTree = "<group>"; };
		FAA56517256D2E3D003D9EA5 /* Passbolt POCTests.xctest */ = {isa = PBXFileReference; explicitFileType = wrapper.cfbundle; includeInIndex = 0; path = "Passbolt POCTests.xctest"; sourceTree = BUILT_PRODUCTS_DIR; };
		FAA5651B256D2E3D003D9EA5 /* Passbolt_POCTests.swift */ = {isa = PBXFileReference; lastKnownFileType = sourcecode.swift; path = Passbolt_POCTests.swift; sourceTree = "<group>"; };
		FAA5651D256D2E3D003D9EA5 /* Info.plist */ = {isa = PBXFileReference; lastKnownFileType = text.plist.xml; path = Info.plist; sourceTree = "<group>"; };
		FAA56522256D2E3D003D9EA5 /* Passbolt POCUITests.xctest */ = {isa = PBXFileReference; explicitFileType = wrapper.cfbundle; includeInIndex = 0; path = "Passbolt POCUITests.xctest"; sourceTree = BUILT_PRODUCTS_DIR; };
		FAA56526256D2E3D003D9EA5 /* Passbolt_POCUITests.swift */ = {isa = PBXFileReference; lastKnownFileType = sourcecode.swift; path = Passbolt_POCUITests.swift; sourceTree = "<group>"; };
		FAA56528256D2E3D003D9EA5 /* Info.plist */ = {isa = PBXFileReference; lastKnownFileType = text.plist.xml; path = Info.plist; sourceTree = "<group>"; };
/* End PBXFileReference section */

/* Begin PBXFrameworksBuildPhase section */
		FAA564FE256D2E39003D9EA5 /* Frameworks */ = {
			isa = PBXFrameworksBuildPhase;
			buildActionMask = 2147483647;
			files = (
			);
			runOnlyForDeploymentPostprocessing = 0;
		};
		FAA56514256D2E3D003D9EA5 /* Frameworks */ = {
			isa = PBXFrameworksBuildPhase;
			buildActionMask = 2147483647;
			files = (
			);
			runOnlyForDeploymentPostprocessing = 0;
		};
		FAA5651F256D2E3D003D9EA5 /* Frameworks */ = {
			isa = PBXFrameworksBuildPhase;
			buildActionMask = 2147483647;
			files = (
			);
			runOnlyForDeploymentPostprocessing = 0;
		};
/* End PBXFrameworksBuildPhase section */

/* Begin PBXGroup section */
		FAA564F8256D2E39003D9EA5 = {
			isa = PBXGroup;
			children = (
				FAA56503256D2E39003D9EA5 /* Passbolt POC */,
				FAA5651A256D2E3D003D9EA5 /* Passbolt POCTests */,
				FAA56525256D2E3D003D9EA5 /* Passbolt POCUITests */,
				FAA56502256D2E39003D9EA5 /* Products */,
			);
			sourceTree = "<group>";
		};
		FAA56502256D2E39003D9EA5 /* Products */ = {
			isa = PBXGroup;
			children = (
				FAA56501256D2E39003D9EA5 /* Passbolt POC.app */,
				FAA56517256D2E3D003D9EA5 /* Passbolt POCTests.xctest */,
				FAA56522256D2E3D003D9EA5 /* Passbolt POCUITests.xctest */,
			);
			name = Products;
			sourceTree = "<group>";
		};
		FAA56503256D2E39003D9EA5 /* Passbolt POC */ = {
			isa = PBXGroup;
			children = (
				FAA56504256D2E39003D9EA5 /* AppDelegate.swift */,
				FAA56506256D2E39003D9EA5 /* SceneDelegate.swift */,
				FAA56508256D2E39003D9EA5 /* ContentView.swift */,
				FAA5650A256D2E3D003D9EA5 /* Assets.xcassets */,
				FAA5650F256D2E3D003D9EA5 /* LaunchScreen.storyboard */,
				FAA56512256D2E3D003D9EA5 /* Info.plist */,
				FAA5650C256D2E3D003D9EA5 /* Preview Content */,
			);
			path = "Passbolt POC";
			sourceTree = "<group>";
		};
		FAA5650C256D2E3D003D9EA5 /* Preview Content */ = {
			isa = PBXGroup;
			children = (
				FAA5650D256D2E3D003D9EA5 /* Preview Assets.xcassets */,
			);
			path = "Preview Content";
			sourceTree = "<group>";
		};
		FAA5651A256D2E3D003D9EA5 /* Passbolt POCTests */ = {
			isa = PBXGroup;
			children = (
				FAA5651B256D2E3D003D9EA5 /* Passbolt_POCTests.swift */,
				FAA5651D256D2E3D003D9EA5 /* Info.plist */,
			);
			path = "Passbolt POCTests";
			sourceTree = "<group>";
		};
		FAA56525256D2E3D003D9EA5 /* Passbolt POCUITests */ = {
			isa = PBXGroup;
			children = (
				FAA56526256D2E3D003D9EA5 /* Passbolt_POCUITests.swift */,
				FAA56528256D2E3D003D9EA5 /* Info.plist */,
			);
			path = "Passbolt POCUITests";
			sourceTree = "<group>";
		};
/* End PBXGroup section */

/* Begin PBXNativeTarget section */
		FAA56500256D2E39003D9EA5 /* Passbolt POC */ = {
			isa = PBXNativeTarget;
			buildConfigurationList = FAA5652B256D2E3D003D9EA5 /* Build configuration list for PBXNativeTarget "Passbolt POC" */;
			buildPhases = (
				FAA564FD256D2E39003D9EA5 /* Sources */,
				FAA564FE256D2E39003D9EA5 /* Frameworks */,
				FAA564FF256D2E39003D9EA5 /* Resources */,
			);
			buildRules = (
			);
			dependencies = (
			);
			name = "Passbolt POC";
			productName = "Passbolt POC";
			productReference = FAA56501256D2E39003D9EA5 /* Passbolt POC.app */;
			productType = "com.apple.product-type.application";
		};
		FAA56516256D2E3D003D9EA5 /* Passbolt POCTests */ = {
			isa = PBXNativeTarget;
			buildConfigurationList = FAA5652E256D2E3D003D9EA5 /* Build configuration list for PBXNativeTarget "Passbolt POCTests" */;
			buildPhases = (
				FAA56513256D2E3D003D9EA5 /* Sources */,
				FAA56514256D2E3D003D9EA5 /* Frameworks */,
				FAA56515256D2E3D003D9EA5 /* Resources */,
			);
			buildRules = (
			);
			dependencies = (
				FAA56519256D2E3D003D9EA5 /* PBXTargetDependency */,
			);
			name = "Passbolt POCTests";
			productName = "Passbolt POCTests";
			productReference = FAA56517256D2E3D003D9EA5 /* Passbolt POCTests.xctest */;
			productType = "com.apple.product-type.bundle.unit-test";
		};
		FAA56521256D2E3D003D9EA5 /* Passbolt POCUITests */ = {
			isa = PBXNativeTarget;
			buildConfigurationList = FAA56531256D2E3D003D9EA5 /* Build configuration list for PBXNativeTarget "Passbolt POCUITests" */;
			buildPhases = (
				FAA5651E256D2E3D003D9EA5 /* Sources */,
				FAA5651F256D2E3D003D9EA5 /* Frameworks */,
				FAA56520256D2E3D003D9EA5 /* Resources */,
			);
			buildRules = (
			);
			dependencies = (
				FAA56524256D2E3D003D9EA5 /* PBXTargetDependency */,
			);
			name = "Passbolt POCUITests";
			productName = "Passbolt POCUITests";
			productReference = FAA56522256D2E3D003D9EA5 /* Passbolt POCUITests.xctest */;
			productType = "com.apple.product-type.bundle.ui-testing";
		};
/* End PBXNativeTarget section */

/* Begin PBXProject section */
		FAA564F9256D2E39003D9EA5 /* Project object */ = {
			isa = PBXProject;
			attributes = {
				LastSwiftUpdateCheck = 1220;
				LastUpgradeCheck = 1220;
				TargetAttributes = {
					FAA56500256D2E39003D9EA5 = {
						CreatedOnToolsVersion = 12.2;
					};
					FAA56516256D2E3D003D9EA5 = {
						CreatedOnToolsVersion = 12.2;
						TestTargetID = FAA56500256D2E39003D9EA5;
					};
					FAA56521256D2E3D003D9EA5 = {
						CreatedOnToolsVersion = 12.2;
						TestTargetID = FAA56500256D2E39003D9EA5;
					};
				};
			};
			buildConfigurationList = FAA564FC256D2E39003D9EA5 /* Build configuration list for PBXProject "Passbolt POC" */;
			compatibilityVersion = "Xcode 9.3";
			developmentRegion = en;
			hasScannedForEncodings = 0;
			knownRegions = (
				en,
				Base,
			);
			mainGroup = FAA564F8256D2E39003D9EA5;
			productRefGroup = FAA56502256D2E39003D9EA5 /* Products */;
			projectDirPath = "";
			projectRoot = "";
			targets = (
				FAA56500256D2E39003D9EA5 /* Passbolt POC */,
				FAA56516256D2E3D003D9EA5 /* Passbolt POCTests */,
				FAA56521256D2E3D003D9EA5 /* Passbolt POCUITests */,
			);
		};
/* End PBXProject section */

/* Begin PBXResourcesBuildPhase section */
		FAA564FF256D2E39003D9EA5 /* Resources */ = {
			isa = PBXResourcesBuildPhase;
			buildActionMask = 2147483647;
			files = (
				FAA56511256D2E3D003D9EA5 /* LaunchScreen.storyboard in Resources */,
				FAA5650E256D2E3D003D9EA5 /* Preview Assets.xcassets in Resources */,
				FAA5650B256D2E3D003D9EA5 /* Assets.xcassets in Resources */,
			);
			runOnlyForDeploymentPostprocessing = 0;
		};
		FAA56515256D2E3D003D9EA5 /* Resources */ = {
			isa = PBXResourcesBuildPhase;
			buildActionMask = 2147483647;
			files = (
			);
			runOnlyForDeploymentPostprocessing = 0;
		};
		FAA56520256D2E3D003D9EA5 /* Resources */ = {
			isa = PBXResourcesBuildPhase;
			buildActionMask = 2147483647;
			files = (
			);
			runOnlyForDeploymentPostprocessing = 0;
		};
/* End PBXResourcesBuildPhase section */

/* Begin PBXSourcesBuildPhase section */
		FAA564FD256D2E39003D9EA5 /* Sources */ = {
			isa = PBXSourcesBuildPhase;
			buildActionMask = 2147483647;
			files = (
				FAA56505256D2E39003D9EA5 /* AppDelegate.swift in Sources */,
				FAA56507256D2E39003D9EA5 /* SceneDelegate.swift in Sources */,
				FAA56509256D2E39003D9EA5 /* ContentView.swift in Sources */,
			);
			runOnlyForDeploymentPostprocessing = 0;
		};
		FAA56513256D2E3D003D9EA5 /* Sources */ = {
			isa = PBXSourcesBuildPhase;
			buildActionMask = 2147483647;
			files = (
				FAA5651C256D2E3D003D9EA5 /* Passbolt_POCTests.swift in Sources */,
			);
			runOnlyForDeploymentPostprocessing = 0;
		};
		FAA5651E256D2E3D003D9EA5 /* Sources */ = {
			isa = PBXSourcesBuildPhase;
			buildActionMask = 2147483647;
			files = (
				FAA56527256D2E3D003D9EA5 /* Passbolt_POCUITests.swift in Sources */,
			);
			runOnlyForDeploymentPostprocessing = 0;
		};
/* End PBXSourcesBuildPhase section */

/* Begin PBXTargetDependency section */
		FAA56519256D2E3D003D9EA5 /* PBXTargetDependency */ = {
			isa = PBXTargetDependency;
			target = FAA56500256D2E39003D9EA5 /* Passbolt POC */;
			targetProxy = FAA56518256D2E3D003D9EA5 /* PBXContainerItemProxy */;
		};
		FAA56524256D2E3D003D9EA5 /* PBXTargetDependency */ = {
			isa = PBXTargetDependency;
			target = FAA56500256D2E39003D9EA5 /* Passbolt POC */;
			targetProxy = FAA56523256D2E3D003D9EA5 /* PBXContainerItemProxy */;
		};
/* End PBXTargetDependency section */

/* Begin PBXVariantGroup section */
		FAA5650F256D2E3D003D9EA5 /* LaunchScreen.storyboard */ = {
			isa = PBXVariantGroup;
			children = (
				FAA56510256D2E3D003D9EA5 /* Base */,
			);
			name = LaunchScreen.storyboard;
			sourceTree = "<group>";
		};
/* End PBXVariantGroup section */

/* Begin XCBuildConfiguration section */
		FAA56529256D2E3D003D9EA5 /* Debug */ = {
			isa = XCBuildConfiguration;
			buildSettings = {
				ALWAYS_SEARCH_USER_PATHS = NO;
				CLANG_ANALYZER_NONNULL = YES;
				CLANG_ANALYZER_NUMBER_OBJECT_CONVERSION = YES_AGGRESSIVE;
				CLANG_CXX_LANGUAGE_STANDARD = "gnu++14";
				CLANG_CXX_LIBRARY = "libc++";
				CLANG_ENABLE_MODULES = YES;
				CLANG_ENABLE_OBJC_ARC = YES;
				CLANG_ENABLE_OBJC_WEAK = YES;
				CLANG_WARN_BLOCK_CAPTURE_AUTORELEASING = YES;
				CLANG_WARN_BOOL_CONVERSION = YES;
				CLANG_WARN_COMMA = YES;
				CLANG_WARN_CONSTANT_CONVERSION = YES;
				CLANG_WARN_DEPRECATED_OBJC_IMPLEMENTATIONS = YES;
				CLANG_WARN_DIRECT_OBJC_ISA_USAGE = YES_ERROR;
				CLANG_WARN_DOCUMENTATION_COMMENTS = YES;
				CLANG_WARN_EMPTY_BODY = YES;
				CLANG_WARN_ENUM_CONVERSION = YES;
				CLANG_WARN_INFINITE_RECURSION = YES;
				CLANG_WARN_INT_CONVERSION = YES;
				CLANG_WARN_NON_LITERAL_NULL_CONVERSION = YES;
				CLANG_WARN_OBJC_IMPLICIT_RETAIN_SELF = YES;
				CLANG_WARN_OBJC_LITERAL_CONVERSION = YES;
				CLANG_WARN_OBJC_ROOT_CLASS = YES_ERROR;
				CLANG_WARN_QUOTED_INCLUDE_IN_FRAMEWORK_HEADER = YES;
				CLANG_WARN_RANGE_LOOP_ANALYSIS = YES;
				CLANG_WARN_STRICT_PROTOTYPES = YES;
				CLANG_WARN_SUSPICIOUS_MOVE = YES;
				CLANG_WARN_UNGUARDED_AVAILABILITY = YES_AGGRESSIVE;
				CLANG_WARN_UNREACHABLE_CODE = YES;
				CLANG_WARN__DUPLICATE_METHOD_MATCH = YES;
				COPY_PHASE_STRIP = NO;
				DEBUG_INFORMATION_FORMAT = dwarf;
				ENABLE_STRICT_OBJC_MSGSEND = YES;
				ENABLE_TESTABILITY = YES;
				GCC_C_LANGUAGE_STANDARD = gnu11;
				GCC_DYNAMIC_NO_PIC = NO;
				GCC_NO_COMMON_BLOCKS = YES;
				GCC_OPTIMIZATION_LEVEL = 0;
				GCC_PREPROCESSOR_DEFINITIONS = (
					"DEBUG=1",
					"$(inherited)",
				);
				GCC_WARN_64_TO_32_BIT_CONVERSION = YES;
				GCC_WARN_ABOUT_RETURN_TYPE = YES_ERROR;
				GCC_WARN_UNDECLARED_SELECTOR = YES;
				GCC_WARN_UNINITIALIZED_AUTOS = YES_AGGRESSIVE;
				GCC_WARN_UNUSED_FUNCTION = YES;
				GCC_WARN_UNUSED_VARIABLE = YES;
				IPHONEOS_DEPLOYMENT_TARGET = 14.2;
				MTL_ENABLE_DEBUG_INFO = INCLUDE_SOURCE;
				MTL_FAST_MATH = YES;
				ONLY_ACTIVE_ARCH = YES;
				SDKROOT = iphoneos;
				SWIFT_ACTIVE_COMPILATION_CONDITIONS = DEBUG;
				SWIFT_OPTIMIZATION_LEVEL = "-Onone";
			};
			name = Debug;
		};
		FAA5652A256D2E3D003D9EA5 /* Release */ = {
			isa = XCBuildConfiguration;
			buildSettings = {
				ALWAYS_SEARCH_USER_PATHS = NO;
				CLANG_ANALYZER_NONNULL = YES;
				CLANG_ANALYZER_NUMBER_OBJECT_CONVERSION = YES_AGGRESSIVE;
				CLANG_CXX_LANGUAGE_STANDARD = "gnu++14";
				CLANG_CXX_LIBRARY = "libc++";
				CLANG_ENABLE_MODULES = YES;
				CLANG_ENABLE_OBJC_ARC = YES;
				CLANG_ENABLE_OBJC_WEAK = YES;
				CLANG_WARN_BLOCK_CAPTURE_AUTORELEASING = YES;
				CLANG_WARN_BOOL_CONVERSION = YES;
				CLANG_WARN_COMMA = YES;
				CLANG_WARN_CONSTANT_CONVERSION = YES;
				CLANG_WARN_DEPRECATED_OBJC_IMPLEMENTATIONS = YES;
				CLANG_WARN_DIRECT_OBJC_ISA_USAGE = YES_ERROR;
				CLANG_WARN_DOCUMENTATION_COMMENTS = YES;
				CLANG_WARN_EMPTY_BODY = YES;
				CLANG_WARN_ENUM_CONVERSION = YES;
				CLANG_WARN_INFINITE_RECURSION = YES;
				CLANG_WARN_INT_CONVERSION = YES;
				CLANG_WARN_NON_LITERAL_NULL_CONVERSION = YES;
				CLANG_WARN_OBJC_IMPLICIT_RETAIN_SELF = YES;
				CLANG_WARN_OBJC_LITERAL_CONVERSION = YES;
				CLANG_WARN_OBJC_ROOT_CLASS = YES_ERROR;
				CLANG_WARN_QUOTED_INCLUDE_IN_FRAMEWORK_HEADER = YES;
				CLANG_WARN_RANGE_LOOP_ANALYSIS = YES;
				CLANG_WARN_STRICT_PROTOTYPES = YES;
				CLANG_WARN_SUSPICIOUS_MOVE = YES;
				CLANG_WARN_UNGUARDED_AVAILABILITY = YES_AGGRESSIVE;
				CLANG_WARN_UNREACHABLE_CODE = YES;
				CLANG_WARN__DUPLICATE_METHOD_MATCH = YES;
				COPY_PHASE_STRIP = NO;
				DEBUG_INFORMATION_FORMAT = "dwarf-with-dsym";
				ENABLE_NS_ASSERTIONS = NO;
				ENABLE_STRICT_OBJC_MSGSEND = YES;
				GCC_C_LANGUAGE_STANDARD = gnu11;
				GCC_NO_COMMON_BLOCKS = YES;
				GCC_WARN_64_TO_32_BIT_CONVERSION = YES;
				GCC_WARN_ABOUT_RETURN_TYPE = YES_ERROR;
				GCC_WARN_UNDECLARED_SELECTOR = YES;
				GCC_WARN_UNINITIALIZED_AUTOS = YES_AGGRESSIVE;
				GCC_WARN_UNUSED_FUNCTION = YES;
				GCC_WARN_UNUSED_VARIABLE = YES;
				IPHONEOS_DEPLOYMENT_TARGET = 14.2;
				MTL_ENABLE_DEBUG_INFO = NO;
				MTL_FAST_MATH = YES;
				SDKROOT = iphoneos;
				SWIFT_COMPILATION_MODE = wholemodule;
				SWIFT_OPTIMIZATION_LEVEL = "-O";
				VALIDATE_PRODUCT = YES;
			};
			name = Release;
		};
		FAA5652C256D2E3D003D9EA5 /* Debug */ = {
			isa = XCBuildConfiguration;
			buildSettings = {
				ASSETCATALOG_COMPILER_APPICON_NAME = AppIcon;
				ASSETCATALOG_COMPILER_GLOBAL_ACCENT_COLOR_NAME = AccentColor;
				CODE_SIGN_IDENTITY = "iPhone Developer";
				CODE_SIGN_STYLE = Manual;
				DEVELOPMENT_ASSET_PATHS = "\"Passbolt POC/Preview Content\"";
				DEVELOPMENT_TEAM = WR35VQMY5K;
				ENABLE_PREVIEWS = YES;
				INFOPLIST_FILE = "Passbolt POC/Info.plist";
				LD_RUNPATH_SEARCH_PATHS = (
					"$(inherited)",
					"@executable_path/Frameworks",
				);
				MARKETING_VERSION = 0.1;
				PRODUCT_BUNDLE_IDENTIFIER = com.polidea.passbolt.poc;
				PRODUCT_NAME = "$(TARGET_NAME)";
				PROVISIONING_PROFILE_SPECIFIER = "Passbolt POC";
				SWIFT_VERSION = 5.0;
				TARGETED_DEVICE_FAMILY = "1,2";
			};
			name = Debug;
		};
		FAA5652D256D2E3D003D9EA5 /* Release */ = {
			isa = XCBuildConfiguration;
			buildSettings = {
				ASSETCATALOG_COMPILER_APPICON_NAME = AppIcon;
				ASSETCATALOG_COMPILER_GLOBAL_ACCENT_COLOR_NAME = AccentColor;
				CODE_SIGN_IDENTITY = "iPhone Developer";
				CODE_SIGN_STYLE = Manual;
				DEVELOPMENT_ASSET_PATHS = "\"Passbolt POC/Preview Content\"";
				DEVELOPMENT_TEAM = WR35VQMY5K;
				ENABLE_PREVIEWS = YES;
				INFOPLIST_FILE = "Passbolt POC/Info.plist";
				LD_RUNPATH_SEARCH_PATHS = (
					"$(inherited)",
					"@executable_path/Frameworks",
				);
				MARKETING_VERSION = 0.1;
				PRODUCT_BUNDLE_IDENTIFIER = com.polidea.passbolt.poc;
				PRODUCT_NAME = "$(TARGET_NAME)";
				PROVISIONING_PROFILE_SPECIFIER = "Passbolt POC";
				SWIFT_VERSION = 5.0;
				TARGETED_DEVICE_FAMILY = "1,2";
			};
			name = Release;
		};
		FAA5652F256D2E3D003D9EA5 /* Debug */ = {
			isa = XCBuildConfiguration;
			buildSettings = {
				ALWAYS_EMBED_SWIFT_STANDARD_LIBRARIES = YES;
				BUNDLE_LOADER = "$(TEST_HOST)";
				CODE_SIGN_STYLE = Automatic;
				DEVELOPMENT_TEAM = WR35VQMY5K;
				INFOPLIST_FILE = "Passbolt POCTests/Info.plist";
				IPHONEOS_DEPLOYMENT_TARGET = 14.2;
				LD_RUNPATH_SEARCH_PATHS = (
					"$(inherited)",
					"@executable_path/Frameworks",
					"@loader_path/Frameworks",
				);
				PRODUCT_BUNDLE_IDENTIFIER = "com.polidea.Passbolt-POCTests";
				PRODUCT_NAME = "$(TARGET_NAME)";
				SWIFT_VERSION = 5.0;
				TARGETED_DEVICE_FAMILY = "1,2";
				TEST_HOST = "$(BUILT_PRODUCTS_DIR)/Passbolt POC.app/Passbolt POC";
			};
			name = Debug;
		};
		FAA56530256D2E3D003D9EA5 /* Release */ = {
			isa = XCBuildConfiguration;
			buildSettings = {
				ALWAYS_EMBED_SWIFT_STANDARD_LIBRARIES = YES;
				BUNDLE_LOADER = "$(TEST_HOST)";
				CODE_SIGN_STYLE = Automatic;
				DEVELOPMENT_TEAM = WR35VQMY5K;
				INFOPLIST_FILE = "Passbolt POCTests/Info.plist";
				IPHONEOS_DEPLOYMENT_TARGET = 14.2;
				LD_RUNPATH_SEARCH_PATHS = (
					"$(inherited)",
					"@executable_path/Frameworks",
					"@loader_path/Frameworks",
				);
				PRODUCT_BUNDLE_IDENTIFIER = "com.polidea.Passbolt-POCTests";
				PRODUCT_NAME = "$(TARGET_NAME)";
				SWIFT_VERSION = 5.0;
				TARGETED_DEVICE_FAMILY = "1,2";
				TEST_HOST = "$(BUILT_PRODUCTS_DIR)/Passbolt POC.app/Passbolt POC";
			};
			name = Release;
		};
		FAA56532256D2E3D003D9EA5 /* Debug */ = {
			isa = XCBuildConfiguration;
			buildSettings = {
				ALWAYS_EMBED_SWIFT_STANDARD_LIBRARIES = YES;
				CODE_SIGN_STYLE = Automatic;
				DEVELOPMENT_TEAM = WR35VQMY5K;
				INFOPLIST_FILE = "Passbolt POCUITests/Info.plist";
				LD_RUNPATH_SEARCH_PATHS = (
					"$(inherited)",
					"@executable_path/Frameworks",
					"@loader_path/Frameworks",
				);
				PRODUCT_BUNDLE_IDENTIFIER = "com.polidea.Passbolt-POCUITests";
				PRODUCT_NAME = "$(TARGET_NAME)";
				SWIFT_VERSION = 5.0;
				TARGETED_DEVICE_FAMILY = "1,2";
				TEST_TARGET_NAME = "Passbolt POC";
			};
			name = Debug;
		};
		FAA56533256D2E3D003D9EA5 /* Release */ = {
			isa = XCBuildConfiguration;
			buildSettings = {
				ALWAYS_EMBED_SWIFT_STANDARD_LIBRARIES = YES;
				CODE_SIGN_STYLE = Automatic;
				DEVELOPMENT_TEAM = WR35VQMY5K;
				INFOPLIST_FILE = "Passbolt POCUITests/Info.plist";
				LD_RUNPATH_SEARCH_PATHS = (
					"$(inherited)",
					"@executable_path/Frameworks",
					"@loader_path/Frameworks",
				);
				PRODUCT_BUNDLE_IDENTIFIER = "com.polidea.Passbolt-POCUITests";
				PRODUCT_NAME = "$(TARGET_NAME)";
				SWIFT_VERSION = 5.0;
				TARGETED_DEVICE_FAMILY = "1,2";
				TEST_TARGET_NAME = "Passbolt POC";
			};
			name = Release;
		};
/* End XCBuildConfiguration section */

/* Begin XCConfigurationList section */
		FAA564FC256D2E39003D9EA5 /* Build configuration list for PBXProject "Passbolt POC" */ = {
			isa = XCConfigurationList;
			buildConfigurations = (
				FAA56529256D2E3D003D9EA5 /* Debug */,
				FAA5652A256D2E3D003D9EA5 /* Release */,
			);
			defaultConfigurationIsVisible = 0;
			defaultConfigurationName = Release;
		};
		FAA5652B256D2E3D003D9EA5 /* Build configuration list for PBXNativeTarget "Passbolt POC" */ = {
			isa = XCConfigurationList;
			buildConfigurations = (
				FAA5652C256D2E3D003D9EA5 /* Debug */,
				FAA5652D256D2E3D003D9EA5 /* Release */,
			);
			defaultConfigurationIsVisible = 0;
			defaultConfigurationName = Release;
		};
		FAA5652E256D2E3D003D9EA5 /* Build configuration list for PBXNativeTarget "Passbolt POCTests" */ = {
			isa = XCConfigurationList;
			buildConfigurations = (
				FAA5652F256D2E3D003D9EA5 /* Debug */,
				FAA56530256D2E3D003D9EA5 /* Release */,
			);
			defaultConfigurationIsVisible = 0;
			defaultConfigurationName = Release;
		};
		FAA56531256D2E3D003D9EA5 /* Build configuration list for PBXNativeTarget "Passbolt POCUITests" */ = {
			isa = XCConfigurationList;
			buildConfigurations = (
				FAA56532256D2E3D003D9EA5 /* Debug */,
				FAA56533256D2E3D003D9EA5 /* Release */,
			);
			defaultConfigurationIsVisible = 0;
			defaultConfigurationName = Release;
		};
/* End XCConfigurationList section */
	};
	rootObject = FAA564F9256D2E39003D9EA5 /* Project object */;
}
